// !$*UTF8*$!
{
	archiveVersion = 1;
	classes = {
	};
	objectVersion = 46;
	objects = {
/* Begin PBXBuildFile section */
		223A89461E89CDC70092741E /* MiniApp.jsbundle in Resources */ = {isa = PBXBuildFile; fileRef = 223A89451E89CDC70092741E /* MiniApp.jsbundle */; };
		22BF1FEB1E8DAAF800E7F500 /* assets in Resources */ = {isa = PBXBuildFile; fileRef = 22BF1FEA1E8DAAF800E7F500 /* assets */; };
		301CB9021F33F3450048C58B /* NSBundle+frameworkBundle.m in Sources */ = {isa = PBXBuildFile; fileRef = 301CB9001F33F3450048C58B /* NSBundle+frameworkBundle.m */; };
		301CB9031F33F3450048C58B /* NSBundle+frameworkBundle.h in Headers */ = {isa = PBXBuildFile; fileRef = 301CB9011F33F3450048C58B /* NSBundle+frameworkBundle.h */; };
		304000E82098E1F000BF751C /* ElectrodePluginConfig.h in Headers */ = {isa = PBXBuildFile; fileRef = 304000E72098E1F000BF751C /* ElectrodePluginConfig.h */; settings = {ATTRIBUTES = (Public, ); }; };
		30F8CDEE1E67946E00413247 /* ElectrodeReactNative_Internal.h in Headers */ = {isa = PBXBuildFile; fileRef = 30F8CDED1E67946E00413247 /* ElectrodeReactNative_Internal.h */; };
		485009ED1E2FF23C009B6610 /* ElectrodeContainer.framework in Frameworks */ = {isa = PBXBuildFile; fileRef = 485009E31E2FF23B009B6610 /* ElectrodeContainer.framework */; };
		485009F41E2FF23C009B6610 /* ElectrodeContainer.h in Headers */ = {isa = PBXBuildFile; fileRef = 485009E61E2FF23B009B6610 /* ElectrodeContainer.h */; settings = {ATTRIBUTES = (Public, ); }; };
		48500A981E2FF55B009B6610 /* ElectrodeReactNative.h in Headers */ = {isa = PBXBuildFile; fileRef = 48500A961E2FF55B009B6610 /* ElectrodeReactNative.h */; settings = {ATTRIBUTES = (Public, ); }; };
		48500A991E2FF55B009B6610 /* ElectrodeReactNative.m in Sources */ = {isa = PBXBuildFile; fileRef = 48500A971E2FF55B009B6610 /* ElectrodeReactNative.m */; };
		968333D71E54E3470031C565 /* ElectrodeBridgeDelegate.h in Headers */ = {isa = PBXBuildFile; fileRef = 968333D51E54E3470031C565 /* ElectrodeBridgeDelegate.h */; };
		968333D81E54E3470031C565 /* ElectrodeBridgeDelegate.m in Sources */ = {isa = PBXBuildFile; fileRef = 968333D61E54E3470031C565 /* ElectrodeBridgeDelegate.m */; };
		DF1C63DE7F9C421EBFF0FA37 /* libReact.a in Frameworks */ = {isa = PBXBuildFile; fileRef = DE61539EB19B46DBBC7032A3 /* libReact.a */; };
		3B92C4B8576045DABCB6B29B /* libRCTActionSheet.a in Frameworks */ = {isa = PBXBuildFile; fileRef = 2D455E1D95264B938F4A3D2B /* libRCTActionSheet.a */; };
		A8E5FA1C19574D21A15FCC4D /* libRCTImage.a in Frameworks */ = {isa = PBXBuildFile; fileRef = 6F589E2990C643E1B3CB311A /* libRCTImage.a */; };
		257B3702362049E6B2FE94BF /* libRCTAnimation.a in Frameworks */ = {isa = PBXBuildFile; fileRef = 637CDA1DF10743C480BD28AA /* libRCTAnimation.a */; };
		FDAE30459A614C57AE74BF7F /* libRCTText.a in Frameworks */ = {isa = PBXBuildFile; fileRef = AFB60356FD104FC3A65369C5 /* libRCTText.a */; };
		D74AEA2BF0E3431795E4262E /* libRCTWebSocket.a in Frameworks */ = {isa = PBXBuildFile; fileRef = 6A1752A6656741FF9FD6A0FF /* libRCTWebSocket.a */; };
		DC6D12875D8641779A01E823 /* libRCTGeolocation.a in Frameworks */ = {isa = PBXBuildFile; fileRef = C289824040E8493186396A9A /* libRCTGeolocation.a */; };
		AA0DF3B26CAD42CB85CE5EE5 /* libRCTLinking.a in Frameworks */ = {isa = PBXBuildFile; fileRef = C5A2530CEF724DE49F01BB94 /* libRCTLinking.a */; };
		1668EB3958514A0B887DBD0E /* libRCTNetwork.a in Frameworks */ = {isa = PBXBuildFile; fileRef = A4E176CCD05447289B2858F3 /* libRCTNetwork.a */; };
		5DA94F8CB6634825A354D622 /* libRCTSettings.a in Frameworks */ = {isa = PBXBuildFile; fileRef = 5576EA4AC46F44BFA53C6A11 /* libRCTSettings.a */; };
		9CED7BE5BAFA45AEAF1E7B66 /* libRCTVibration.a in Frameworks */ = {isa = PBXBuildFile; fileRef = E31A17FDE0B04E61A516D6ED /* libRCTVibration.a */; };
		AE7FE26E2AE24CE4A4C9CCCC /* libRCTCameraRoll.a in Frameworks */ = {isa = PBXBuildFile; fileRef = AB236BBA20EB441DB7A14DEA /* libRCTCameraRoll.a */; };
		09A09C0DBEEC4309AD4F1E07 /* libART.a in Frameworks */ = {isa = PBXBuildFile; fileRef = 7848568EE4F94BC9B65324CF /* libART.a */; };
		7DB920418D1B46C89770C76D /* JavaScriptCore.framework in Frameworks */ = {isa = PBXBuildFile; fileRef = EF799EBB9D684A2FA9C2C75A /* JavaScriptCore.framework */; };
/* End PBXBuildFile section */

/* Begin PBXContainerItemProxy section */
		485009EE1E2FF23C009B6610 /* PBXContainerItemProxy */ = {
			isa = PBXContainerItemProxy;
			containerPortal = 485009DA1E2FF23B009B6610 /* Project object */;
			proxyType = 1;
			remoteGlobalIDString = 485009E21E2FF23B009B6610;
			remoteInfo = ElectrodeContainer;
		};
		9853070B0B4B4D6E9E58CE62 /* PBXContainerItemProxy */ = {
			isa = PBXContainerItemProxy;
			containerPortal = 897FFA7F889B4BA3894F3C7D /* React.xcodeproj */;
			proxyType = 1;
			remoteGlobalIDString = DF1C63DE7F9C421EBFF0FA37;
			remoteInfo = React;
		};
		2A6E26F78E154A9FAD33043A /* PBXContainerItemProxy */ = {
			isa = PBXContainerItemProxy;
			containerPortal = 897FFA7F889B4BA3894F3C7D /* React.xcodeproj */;
			proxyType = 2;
			remoteGlobalIDString = 83CBBA2E1A601D0E00E9B192;
			remoteInfo = React;
		};
		CB9B8A82A9A243A381F1FB9B /* PBXContainerItemProxy */ = {
			isa = PBXContainerItemProxy;
			containerPortal = A0EF9696A6874812A418DB93 /* RCTActionSheet.xcodeproj */;
			proxyType = 1;
			remoteGlobalIDString = 3B92C4B8576045DABCB6B29B;
			remoteInfo = RCTActionSheet;
		};
		2B4BB991CE4441B4AB78B995 /* PBXContainerItemProxy */ = {
			isa = PBXContainerItemProxy;
			containerPortal = A0EF9696A6874812A418DB93 /* RCTActionSheet.xcodeproj */;
			proxyType = 2;
			remoteGlobalIDString = 134814201AA4EA6300B7C361;
			remoteInfo = RCTActionSheet;
		};
		0E5E02F21B494B6380DE88F7 /* PBXContainerItemProxy */ = {
			isa = PBXContainerItemProxy;
			containerPortal = D437A88E03FA458D92A71802 /* RCTImage.xcodeproj */;
			proxyType = 1;
			remoteGlobalIDString = A8E5FA1C19574D21A15FCC4D;
			remoteInfo = RCTImage;
		};
		BDF44266EF424FC3B502A695 /* PBXContainerItemProxy */ = {
			isa = PBXContainerItemProxy;
			containerPortal = D437A88E03FA458D92A71802 /* RCTImage.xcodeproj */;
			proxyType = 2;
			remoteGlobalIDString = 58B5115D1A9E6B3D00147676;
			remoteInfo = RCTImage;
		};
		B7F38C7E8FEA405E84E17C43 /* PBXContainerItemProxy */ = {
			isa = PBXContainerItemProxy;
			containerPortal = D64B90DEE8044C708E8064ED /* RCTAnimation.xcodeproj */;
			proxyType = 1;
			remoteGlobalIDString = 257B3702362049E6B2FE94BF;
			remoteInfo = RCTAnimation;
		};
		7A3EDC8D958942F98E3A5B05 /* PBXContainerItemProxy */ = {
			isa = PBXContainerItemProxy;
			containerPortal = D64B90DEE8044C708E8064ED /* RCTAnimation.xcodeproj */;
			proxyType = 2;
			remoteGlobalIDString = 134814201AA4EA6300B7C361;
			remoteInfo = RCTAnimation;
		};
		6E26FB4F6A0244848F5A875C /* PBXContainerItemProxy */ = {
			isa = PBXContainerItemProxy;
			containerPortal = 8DEB5A4F6B9444DD8E8ED974 /* RCTText.xcodeproj */;
			proxyType = 1;
			remoteGlobalIDString = FDAE30459A614C57AE74BF7F;
			remoteInfo = RCTText;
		};
		68ACE0C898A449BB816A0DD3 /* PBXContainerItemProxy */ = {
			isa = PBXContainerItemProxy;
			containerPortal = 8DEB5A4F6B9444DD8E8ED974 /* RCTText.xcodeproj */;
			proxyType = 2;
			remoteGlobalIDString = 58B5119B1A9E6C1200147676;
			remoteInfo = RCTText;
		};
		114BC5B9329B4EDFA0727B64 /* PBXContainerItemProxy */ = {
			isa = PBXContainerItemProxy;
			containerPortal = AA675F082042481AA5917FAC /* RCTWebSocket.xcodeproj */;
			proxyType = 1;
			remoteGlobalIDString = D74AEA2BF0E3431795E4262E;
			remoteInfo = RCTWebSocket;
		};
		7AE355B489804DABA40ECA7E /* PBXContainerItemProxy */ = {
			isa = PBXContainerItemProxy;
			containerPortal = AA675F082042481AA5917FAC /* RCTWebSocket.xcodeproj */;
			proxyType = 2;
			remoteGlobalIDString = 3C86DF461ADF2C930047B81A;
			remoteInfo = RCTWebSocket;
		};
		A70CEBC7651443CA9E960C81 /* PBXContainerItemProxy */ = {
			isa = PBXContainerItemProxy;
			containerPortal = B7E31D72AE844CC99C252306 /* RCTGeolocation.xcodeproj */;
			proxyType = 1;
			remoteGlobalIDString = DC6D12875D8641779A01E823;
			remoteInfo = RCTGeolocation;
		};
		28EE59E3BE7A45B18871AE77 /* PBXContainerItemProxy */ = {
			isa = PBXContainerItemProxy;
			containerPortal = B7E31D72AE844CC99C252306 /* RCTGeolocation.xcodeproj */;
			proxyType = 2;
			remoteGlobalIDString = 134814201AA4EA6300B7C361;
			remoteInfo = RCTGeolocation;
		};
		1F5AF41194E34E5D8358A2D5 /* PBXContainerItemProxy */ = {
			isa = PBXContainerItemProxy;
			containerPortal = 99FFCE3084A94C4DA3D9F0BA /* RCTLinking.xcodeproj */;
			proxyType = 1;
			remoteGlobalIDString = AA0DF3B26CAD42CB85CE5EE5;
			remoteInfo = RCTLinking;
		};
		3A20511DB8474B049135C3CB /* PBXContainerItemProxy */ = {
			isa = PBXContainerItemProxy;
			containerPortal = 99FFCE3084A94C4DA3D9F0BA /* RCTLinking.xcodeproj */;
			proxyType = 2;
			remoteGlobalIDString = 134814201AA4EA6300B7C361;
			remoteInfo = RCTLinking;
		};
		D89FEBCC528E42CBBE7D2209 /* PBXContainerItemProxy */ = {
			isa = PBXContainerItemProxy;
			containerPortal = B0841D3B62C04A9EBE03DACB /* RCTNetwork.xcodeproj */;
			proxyType = 1;
			remoteGlobalIDString = 1668EB3958514A0B887DBD0E;
			remoteInfo = RCTNetwork;
		};
		4F22A8539ED044FAB96A716D /* PBXContainerItemProxy */ = {
			isa = PBXContainerItemProxy;
			containerPortal = B0841D3B62C04A9EBE03DACB /* RCTNetwork.xcodeproj */;
			proxyType = 2;
			remoteGlobalIDString = 58B511DB1A9E6C8500147676;
			remoteInfo = RCTNetwork;
		};
		1C26CB7BC9044CB4B118539F /* PBXContainerItemProxy */ = {
			isa = PBXContainerItemProxy;
			containerPortal = FC0547C8EBB64008B80A4FA2 /* RCTSettings.xcodeproj */;
			proxyType = 1;
			remoteGlobalIDString = 5DA94F8CB6634825A354D622;
			remoteInfo = RCTSettings;
		};
		A028DE93D4A54033BAFE4F05 /* PBXContainerItemProxy */ = {
			isa = PBXContainerItemProxy;
			containerPortal = FC0547C8EBB64008B80A4FA2 /* RCTSettings.xcodeproj */;
			proxyType = 2;
			remoteGlobalIDString = 134814201AA4EA6300B7C361;
			remoteInfo = RCTSettings;
		};
		D2AFE3A3C4624F1AB022E165 /* PBXContainerItemProxy */ = {
			isa = PBXContainerItemProxy;
			containerPortal = B0732FF340AE455AAEC4F2D8 /* RCTVibration.xcodeproj */;
			proxyType = 1;
			remoteGlobalIDString = 9CED7BE5BAFA45AEAF1E7B66;
			remoteInfo = RCTVibration;
		};
		276CB611F1734A19ACBB1AA2 /* PBXContainerItemProxy */ = {
			isa = PBXContainerItemProxy;
			containerPortal = B0732FF340AE455AAEC4F2D8 /* RCTVibration.xcodeproj */;
			proxyType = 2;
			remoteGlobalIDString = 832C81801AAF6DEF007FA2F7;
			remoteInfo = RCTVibration;
		};
		7745D90E9BF14978A42CF100 /* PBXContainerItemProxy */ = {
			isa = PBXContainerItemProxy;
			containerPortal = DF083D1A950F47BDA1D3C4B6 /* RCTCameraRoll.xcodeproj */;
			proxyType = 1;
			remoteGlobalIDString = AE7FE26E2AE24CE4A4C9CCCC;
			remoteInfo = RCTCameraRoll;
		};
		993AA965FA61454E80EAA08F /* PBXContainerItemProxy */ = {
			isa = PBXContainerItemProxy;
			containerPortal = DF083D1A950F47BDA1D3C4B6 /* RCTCameraRoll.xcodeproj */;
			proxyType = 2;
			remoteGlobalIDString = 58B5115D1A9E6B3D00147676;
			remoteInfo = RCTCameraRoll;
		};
		BFD943968A6844039216686E /* PBXContainerItemProxy */ = {
			isa = PBXContainerItemProxy;
			containerPortal = 25AC3995572C49F1835B8CE2 /* ART.xcodeproj */;
			proxyType = 1;
			remoteGlobalIDString = 09A09C0DBEEC4309AD4F1E07;
			remoteInfo = ART;
		};
		F630B2E6A9C24E66949C0606 /* PBXContainerItemProxy */ = {
			isa = PBXContainerItemProxy;
			containerPortal = 25AC3995572C49F1835B8CE2 /* ART.xcodeproj */;
			proxyType = 2;
			remoteGlobalIDString = 0CF68AC11AF0540F00FF9E5C;
			remoteInfo = ART;
		};
/* End PBXContainerItemProxy section */

/* Begin PBXFileReference section */
		223A89451E89CDC70092741E /* MiniApp.jsbundle */ = {isa = PBXFileReference; fileEncoding = 4; lastKnownFileType = text; path = MiniApp.jsbundle; sourceTree = "<group>"; };
		2265A4A11EB26943007D6C3D /* Info.plist */ = {isa = PBXFileReference; fileEncoding = 4; lastKnownFileType = text.plist.xml; path = Info.plist; sourceTree = "<group>"; };
		22BF1FEA1E8DAAF800E7F500 /* assets */ = {isa = PBXFileReference; lastKnownFileType = folder; path = assets; sourceTree = "<group>"; };
		301CB9001F33F3450048C58B /* NSBundle+frameworkBundle.m */ = {isa = PBXFileReference; fileEncoding = 4; lastKnownFileType = sourcecode.c.objc; path = "NSBundle+frameworkBundle.m"; sourceTree = "<group>"; };
		301CB9011F33F3450048C58B /* NSBundle+frameworkBundle.h */ = {isa = PBXFileReference; fileEncoding = 4; lastKnownFileType = sourcecode.c.h; path = "NSBundle+frameworkBundle.h"; sourceTree = "<group>"; };
		304000E72098E1F000BF751C /* ElectrodePluginConfig.h */ = {isa = PBXFileReference; lastKnownFileType = sourcecode.c.h; path = ElectrodePluginConfig.h; sourceTree = "<group>"; };
		30F8CDED1E67946E00413247 /* ElectrodeReactNative_Internal.h */ = {isa = PBXFileReference; fileEncoding = 4; lastKnownFileType = sourcecode.c.h; path = ElectrodeReactNative_Internal.h; sourceTree = "<group>"; };
		485009E31E2FF23B009B6610 /* ElectrodeContainer.framework */ = {isa = PBXFileReference; explicitFileType = wrapper.framework; includeInIndex = 0; path = ElectrodeContainer.framework; sourceTree = BUILT_PRODUCTS_DIR; };
		485009E61E2FF23B009B6610 /* ElectrodeContainer.h */ = {isa = PBXFileReference; lastKnownFileType = sourcecode.c.h; path = ElectrodeContainer.h; sourceTree = "<group>"; };
		485009EC1E2FF23C009B6610 /* ElectrodeContainerTests.xctest */ = {isa = PBXFileReference; explicitFileType = wrapper.cfbundle; includeInIndex = 0; path = ElectrodeContainerTests.xctest; sourceTree = BUILT_PRODUCTS_DIR; };
		485009F31E2FF23C009B6610 /* Info.plist */ = {isa = PBXFileReference; lastKnownFileType = text.plist.xml; path = Info.plist; sourceTree = "<group>"; };
		48500A961E2FF55B009B6610 /* ElectrodeReactNative.h */ = {isa = PBXFileReference; fileEncoding = 4; lastKnownFileType = sourcecode.c.h; path = ElectrodeReactNative.h; sourceTree = "<group>"; };
		48500A971E2FF55B009B6610 /* ElectrodeReactNative.m */ = {isa = PBXFileReference; fileEncoding = 4; lastKnownFileType = sourcecode.c.objc; path = ElectrodeReactNative.m; sourceTree = "<group>"; wrapsLines = 0; };
		968333D51E54E3470031C565 /* ElectrodeBridgeDelegate.h */ = {isa = PBXFileReference; fileEncoding = 4; lastKnownFileType = sourcecode.c.h; path = ElectrodeBridgeDelegate.h; sourceTree = "<group>"; };
		968333D61E54E3470031C565 /* ElectrodeBridgeDelegate.m */ = {isa = PBXFileReference; fileEncoding = 4; lastKnownFileType = sourcecode.c.objc; path = ElectrodeBridgeDelegate.m; sourceTree = "<group>"; };
		22CB683D20C9C46A0031A349 /* Project-QADeployment.xcconfig */ = {isa = PBXFileReference; fileEncoding = 4; lastKnownFileType = text.xcconfig; path = "Project-QADeployment.xcconfig"; sourceTree = "<group>"; };
		22CB683E20C9C46A0031A349 /* Project-Release.xcconfig */ = {isa = PBXFileReference; fileEncoding = 4; lastKnownFileType = text.xcconfig; path = "Project-Release.xcconfig"; sourceTree = "<group>"; };
		22CB684020C9C46A0031A349 /* ElectrodeContainer-QADeployment.xcconfig */ = {isa = PBXFileReference; fileEncoding = 4; lastKnownFileType = text.xcconfig; path = "ElectrodeContainer-QADeployment.xcconfig"; sourceTree = "<group>"; };
		22CB684120C9C46A0031A349 /* ElectrodeContainer-Debug.xcconfig */ = {isa = PBXFileReference; fileEncoding = 4; lastKnownFileType = text.xcconfig; path = "ElectrodeContainer-Debug.xcconfig"; sourceTree = "<group>"; };
		22CB684220C9C46A0031A349 /* ElectrodeContainer-Release.xcconfig */ = {isa = PBXFileReference; fileEncoding = 4; lastKnownFileType = text.xcconfig; path = "ElectrodeContainer-Release.xcconfig"; sourceTree = "<group>"; };
		22CB684420C9C46A0031A349 /* ElectrodeContainerTests-Release.xcconfig */ = {isa = PBXFileReference; fileEncoding = 4; lastKnownFileType = text.xcconfig; path = "ElectrodeContainerTests-Release.xcconfig"; sourceTree = "<group>"; };
		22CB684620C9C46A0031A349 /* ElectrodeContainerTests-QADeployment.xcconfig */ = {isa = PBXFileReference; fileEncoding = 4; lastKnownFileType = text.xcconfig; path = "ElectrodeContainerTests-QADeployment.xcconfig"; sourceTree = "<group>"; };
		22CB684720C9C46A0031A349 /* Project-Debug.xcconfig */ = {isa = PBXFileReference; fileEncoding = 4; lastKnownFileType = text.xcconfig; path = "Project-Debug.xcconfig"; sourceTree = "<group>"; };
		22CB684820C9C46B0031A349 /* ElectrodeContainerTests-Debug.xcconfig */ = {isa = PBXFileReference; fileEncoding = 4; lastKnownFileType = text.xcconfig; path = "ElectrodeContainerTests-Debug.xcconfig"; sourceTree = "<group>"; };
		897FFA7F889B4BA3894F3C7D /* React.xcodeproj */ = {isa = PBXFileReference; name = "React.xcodeproj"; path = "ReactNative/React/React.xcodeproj"; sourceTree = "<group>"; fileEncoding = undefined; lastKnownFileType = wrapper.pb-project; explicitFileType = undefined; includeInIndex = 0; };
		DE61539EB19B46DBBC7032A3 /* libReact.a */ = {isa = PBXFileReference; name = "libReact.a"; path = "libReact.a"; sourceTree = "<group>"; fileEncoding = undefined; lastKnownFileType = archive.ar; explicitFileType = undefined; includeInIndex = 0; };
		A0EF9696A6874812A418DB93 /* RCTActionSheet.xcodeproj */ = {isa = PBXFileReference; name = "RCTActionSheet.xcodeproj"; path = "ReactNative/ActionSheetIOS/RCTActionSheet.xcodeproj"; sourceTree = "<group>"; fileEncoding = undefined; lastKnownFileType = wrapper.pb-project; explicitFileType = undefined; includeInIndex = 0; };
		2D455E1D95264B938F4A3D2B /* libRCTActionSheet.a */ = {isa = PBXFileReference; name = "libRCTActionSheet.a"; path = "libRCTActionSheet.a"; sourceTree = "<group>"; fileEncoding = undefined; lastKnownFileType = archive.ar; explicitFileType = undefined; includeInIndex = 0; };
		D437A88E03FA458D92A71802 /* RCTImage.xcodeproj */ = {isa = PBXFileReference; name = "RCTImage.xcodeproj"; path = "ReactNative/Image/RCTImage.xcodeproj"; sourceTree = "<group>"; fileEncoding = undefined; lastKnownFileType = wrapper.pb-project; explicitFileType = undefined; includeInIndex = 0; };
		6F589E2990C643E1B3CB311A /* libRCTImage.a */ = {isa = PBXFileReference; name = "libRCTImage.a"; path = "libRCTImage.a"; sourceTree = "<group>"; fileEncoding = undefined; lastKnownFileType = archive.ar; explicitFileType = undefined; includeInIndex = 0; };
		D64B90DEE8044C708E8064ED /* RCTAnimation.xcodeproj */ = {isa = PBXFileReference; name = "RCTAnimation.xcodeproj"; path = "ReactNative/NativeAnimation/RCTAnimation.xcodeproj"; sourceTree = "<group>"; fileEncoding = undefined; lastKnownFileType = wrapper.pb-project; explicitFileType = undefined; includeInIndex = 0; };
		637CDA1DF10743C480BD28AA /* libRCTAnimation.a */ = {isa = PBXFileReference; name = "libRCTAnimation.a"; path = "libRCTAnimation.a"; sourceTree = "<group>"; fileEncoding = undefined; lastKnownFileType = archive.ar; explicitFileType = undefined; includeInIndex = 0; };
		8DEB5A4F6B9444DD8E8ED974 /* RCTText.xcodeproj */ = {isa = PBXFileReference; name = "RCTText.xcodeproj"; path = "ReactNative/Text/RCTText.xcodeproj"; sourceTree = "<group>"; fileEncoding = undefined; lastKnownFileType = wrapper.pb-project; explicitFileType = undefined; includeInIndex = 0; };
		AFB60356FD104FC3A65369C5 /* libRCTText.a */ = {isa = PBXFileReference; name = "libRCTText.a"; path = "libRCTText.a"; sourceTree = "<group>"; fileEncoding = undefined; lastKnownFileType = archive.ar; explicitFileType = undefined; includeInIndex = 0; };
		AA675F082042481AA5917FAC /* RCTWebSocket.xcodeproj */ = {isa = PBXFileReference; name = "RCTWebSocket.xcodeproj"; path = "ReactNative/WebSocket/RCTWebSocket.xcodeproj"; sourceTree = "<group>"; fileEncoding = undefined; lastKnownFileType = wrapper.pb-project; explicitFileType = undefined; includeInIndex = 0; };
		6A1752A6656741FF9FD6A0FF /* libRCTWebSocket.a */ = {isa = PBXFileReference; name = "libRCTWebSocket.a"; path = "libRCTWebSocket.a"; sourceTree = "<group>"; fileEncoding = undefined; lastKnownFileType = archive.ar; explicitFileType = undefined; includeInIndex = 0; };
		B7E31D72AE844CC99C252306 /* RCTGeolocation.xcodeproj */ = {isa = PBXFileReference; name = "RCTGeolocation.xcodeproj"; path = "ReactNative/Geolocation/RCTGeolocation.xcodeproj"; sourceTree = "<group>"; fileEncoding = undefined; lastKnownFileType = wrapper.pb-project; explicitFileType = undefined; includeInIndex = 0; };
		C289824040E8493186396A9A /* libRCTGeolocation.a */ = {isa = PBXFileReference; name = "libRCTGeolocation.a"; path = "libRCTGeolocation.a"; sourceTree = "<group>"; fileEncoding = undefined; lastKnownFileType = archive.ar; explicitFileType = undefined; includeInIndex = 0; };
		99FFCE3084A94C4DA3D9F0BA /* RCTLinking.xcodeproj */ = {isa = PBXFileReference; name = "RCTLinking.xcodeproj"; path = "ReactNative/LinkingIOS/RCTLinking.xcodeproj"; sourceTree = "<group>"; fileEncoding = undefined; lastKnownFileType = wrapper.pb-project; explicitFileType = undefined; includeInIndex = 0; };
		C5A2530CEF724DE49F01BB94 /* libRCTLinking.a */ = {isa = PBXFileReference; name = "libRCTLinking.a"; path = "libRCTLinking.a"; sourceTree = "<group>"; fileEncoding = undefined; lastKnownFileType = archive.ar; explicitFileType = undefined; includeInIndex = 0; };
		B0841D3B62C04A9EBE03DACB /* RCTNetwork.xcodeproj */ = {isa = PBXFileReference; name = "RCTNetwork.xcodeproj"; path = "ReactNative/Network/RCTNetwork.xcodeproj"; sourceTree = "<group>"; fileEncoding = undefined; lastKnownFileType = wrapper.pb-project; explicitFileType = undefined; includeInIndex = 0; };
		A4E176CCD05447289B2858F3 /* libRCTNetwork.a */ = {isa = PBXFileReference; name = "libRCTNetwork.a"; path = "libRCTNetwork.a"; sourceTree = "<group>"; fileEncoding = undefined; lastKnownFileType = archive.ar; explicitFileType = undefined; includeInIndex = 0; };
		FC0547C8EBB64008B80A4FA2 /* RCTSettings.xcodeproj */ = {isa = PBXFileReference; name = "RCTSettings.xcodeproj"; path = "ReactNative/Settings/RCTSettings.xcodeproj"; sourceTree = "<group>"; fileEncoding = undefined; lastKnownFileType = wrapper.pb-project; explicitFileType = undefined; includeInIndex = 0; };
		5576EA4AC46F44BFA53C6A11 /* libRCTSettings.a */ = {isa = PBXFileReference; name = "libRCTSettings.a"; path = "libRCTSettings.a"; sourceTree = "<group>"; fileEncoding = undefined; lastKnownFileType = archive.ar; explicitFileType = undefined; includeInIndex = 0; };
		B0732FF340AE455AAEC4F2D8 /* RCTVibration.xcodeproj */ = {isa = PBXFileReference; name = "RCTVibration.xcodeproj"; path = "ReactNative/Vibration/RCTVibration.xcodeproj"; sourceTree = "<group>"; fileEncoding = undefined; lastKnownFileType = wrapper.pb-project; explicitFileType = undefined; includeInIndex = 0; };
		E31A17FDE0B04E61A516D6ED /* libRCTVibration.a */ = {isa = PBXFileReference; name = "libRCTVibration.a"; path = "libRCTVibration.a"; sourceTree = "<group>"; fileEncoding = undefined; lastKnownFileType = archive.ar; explicitFileType = undefined; includeInIndex = 0; };
		DF083D1A950F47BDA1D3C4B6 /* RCTCameraRoll.xcodeproj */ = {isa = PBXFileReference; name = "RCTCameraRoll.xcodeproj"; path = "ReactNative/CameraRoll/RCTCameraRoll.xcodeproj"; sourceTree = "<group>"; fileEncoding = undefined; lastKnownFileType = wrapper.pb-project; explicitFileType = undefined; includeInIndex = 0; };
		AB236BBA20EB441DB7A14DEA /* libRCTCameraRoll.a */ = {isa = PBXFileReference; name = "libRCTCameraRoll.a"; path = "libRCTCameraRoll.a"; sourceTree = "<group>"; fileEncoding = undefined; lastKnownFileType = archive.ar; explicitFileType = undefined; includeInIndex = 0; };
		25AC3995572C49F1835B8CE2 /* ART.xcodeproj */ = {isa = PBXFileReference; name = "ART.xcodeproj"; path = "ReactNative/ART/ART.xcodeproj"; sourceTree = "<group>"; fileEncoding = undefined; lastKnownFileType = wrapper.pb-project; explicitFileType = undefined; includeInIndex = 0; };
		7848568EE4F94BC9B65324CF /* libART.a */ = {isa = PBXFileReference; name = "libART.a"; path = "libART.a"; sourceTree = "<group>"; fileEncoding = undefined; lastKnownFileType = archive.ar; explicitFileType = undefined; includeInIndex = 0; };
		EF799EBB9D684A2FA9C2C75A /* JavaScriptCore.framework */ = {isa = PBXFileReference; name = "JavaScriptCore.framework"; path = "/System/Library/Frameworks/JavaScriptCore.framework"; sourceTree = "<group>"; fileEncoding = undefined; lastKnownFileType = wrapper.framework; explicitFileType = undefined; includeInIndex = 0; };
/* End PBXFileReference section */

/* Begin PBXFrameworksBuildPhase section */
		485009DF1E2FF23B009B6610 /* Frameworks */ = {
			isa = PBXFrameworksBuildPhase;
			buildActionMask = 2147483647;
			files = (
				DF1C63DE7F9C421EBFF0FA37 /* libReact.a in Frameworks */,
				3B92C4B8576045DABCB6B29B /* libRCTActionSheet.a in Frameworks */,
				A8E5FA1C19574D21A15FCC4D /* libRCTImage.a in Frameworks */,
				257B3702362049E6B2FE94BF /* libRCTAnimation.a in Frameworks */,
				FDAE30459A614C57AE74BF7F /* libRCTText.a in Frameworks */,
				D74AEA2BF0E3431795E4262E /* libRCTWebSocket.a in Frameworks */,
				DC6D12875D8641779A01E823 /* libRCTGeolocation.a in Frameworks */,
				AA0DF3B26CAD42CB85CE5EE5 /* libRCTLinking.a in Frameworks */,
				1668EB3958514A0B887DBD0E /* libRCTNetwork.a in Frameworks */,
				5DA94F8CB6634825A354D622 /* libRCTSettings.a in Frameworks */,
				9CED7BE5BAFA45AEAF1E7B66 /* libRCTVibration.a in Frameworks */,
				AE7FE26E2AE24CE4A4C9CCCC /* libRCTCameraRoll.a in Frameworks */,
				09A09C0DBEEC4309AD4F1E07 /* libART.a in Frameworks */,
				7DB920418D1B46C89770C76D /* JavaScriptCore.framework in Frameworks */,
			);
			runOnlyForDeploymentPostprocessing = 0;
		};
		485009E91E2FF23C009B6610 /* Frameworks */ = {
			isa = PBXFrameworksBuildPhase;
			buildActionMask = 2147483647;
			files = (
				485009ED1E2FF23C009B6610 /* ElectrodeContainer.framework in Frameworks */,
			);
			runOnlyForDeploymentPostprocessing = 0;
		};
/* End PBXFrameworksBuildPhase section */

/* Begin PBXGroup section */
		22CB67F120C9C44C0031A349 /* Config */ = {
			isa = PBXGroup;
			children = (
				22CB684120C9C46A0031A349 /* ElectrodeContainer-Debug.xcconfig */,
				22CB684020C9C46A0031A349 /* ElectrodeContainer-QADeployment.xcconfig */,
				22CB684220C9C46A0031A349 /* ElectrodeContainer-Release.xcconfig */,
				22CB684820C9C46B0031A349 /* ElectrodeContainerTests-Debug.xcconfig */,
				22CB684620C9C46A0031A349 /* ElectrodeContainerTests-QADeployment.xcconfig */,
				22CB684420C9C46A0031A349 /* ElectrodeContainerTests-Release.xcconfig */,
				22CB684720C9C46A0031A349 /* Project-Debug.xcconfig */,
				22CB683D20C9C46A0031A349 /* Project-QADeployment.xcconfig */,
				22CB683E20C9C46A0031A349 /* Project-Release.xcconfig */,
			);
			path = Config;
			sourceTree = "<group>";
		};
		226325CE1E80594F00CD0B10 /* ReactNative */ = {
			isa = PBXGroup;
			children = (
				897FFA7F889B4BA3894F3C7D /* React.xcodeproj */,
				A0EF9696A6874812A418DB93 /* RCTActionSheet.xcodeproj */,
				D437A88E03FA458D92A71802 /* RCTImage.xcodeproj */,
				D64B90DEE8044C708E8064ED /* RCTAnimation.xcodeproj */,
				8DEB5A4F6B9444DD8E8ED974 /* RCTText.xcodeproj */,
				AA675F082042481AA5917FAC /* RCTWebSocket.xcodeproj */,
				B7E31D72AE844CC99C252306 /* RCTGeolocation.xcodeproj */,
				99FFCE3084A94C4DA3D9F0BA /* RCTLinking.xcodeproj */,
				B0841D3B62C04A9EBE03DACB /* RCTNetwork.xcodeproj */,
				FC0547C8EBB64008B80A4FA2 /* RCTSettings.xcodeproj */,
				B0732FF340AE455AAEC4F2D8 /* RCTVibration.xcodeproj */,
				DF083D1A950F47BDA1D3C4B6 /* RCTCameraRoll.xcodeproj */,
				25AC3995572C49F1835B8CE2 /* ART.xcodeproj */,
			);
			name = ReactNative;
			sourceTree = "<group>";
		};
		22C096A91EA0893F00E1486A /* APIs */ = {
			isa = PBXGroup;
			children = (
			);
			name = APIs;
			sourceTree = "<group>";
		};
		22FD4D1E1E96ECBB00FC81DB /* ElectrodeReactNativeBridge */ = {
			isa = PBXGroup;
			children = (
			);
			name = ElectrodeReactNativeBridge;
			sourceTree = "<group>";
		};
		301CBA4B1F342FB00048C58B /* Resources */ = {
			isa = PBXGroup;
			children = (
			);
			name = Resources;
			sourceTree = "<group>";
		};
		485009D91E2FF23B009B6610 = {
			isa = PBXGroup;
			children = (
				22CB67F120C9C44C0031A349 /* Config */,
				485009E51E2FF23B009B6610 /* ElectrodeContainer */,
				485009F01E2FF23C009B6610 /* ElectrodeContainerTests */,
				485009E41E2FF23B009B6610 /* Products */,
				485009FD1E2FF25D009B6610 /* Libraries */,
				48500AA71E2FFA14009B6610 /* Frameworks */,
			);
			sourceTree = "<group>";
		};
		485009E41E2FF23B009B6610 /* Products */ = {
			isa = PBXGroup;
			children = (
				485009E31E2FF23B009B6610 /* ElectrodeContainer.framework */,
				485009EC1E2FF23C009B6610 /* ElectrodeContainerTests.xctest */,
			);
			name = Products;
			sourceTree = "<group>";
		};
		485009E51E2FF23B009B6610 /* ElectrodeContainer */ = {
			isa = PBXGroup;
			children = (
				7F9A82FD1FB117530026F523 /* APIImpls */,
				301CBA4B1F342FB00048C58B /* Resources */,
				2265A4A11EB26943007D6C3D /* Info.plist */,
				22C096A91EA0893F00E1486A /* APIs */,
				22FD4D1E1E96ECBB00FC81DB /* ElectrodeReactNativeBridge */,
				968333D51E54E3470031C565 /* ElectrodeBridgeDelegate.h */,
				968333D61E54E3470031C565 /* ElectrodeBridgeDelegate.m */,
				485009E61E2FF23B009B6610 /* ElectrodeContainer.h */,
				48500A961E2FF55B009B6610 /* ElectrodeReactNative.h */,
				30F8CDED1E67946E00413247 /* ElectrodeReactNative_Internal.h */,
				48500A971E2FF55B009B6610 /* ElectrodeReactNative.m */,
				301CB9011F33F3450048C58B /* NSBundle+frameworkBundle.h */,
				301CB9001F33F3450048C58B /* NSBundle+frameworkBundle.m */,
				304000E72098E1F000BF751C /* ElectrodePluginConfig.h */,
			);
			path = ElectrodeContainer;
			name = ElectrodeContainer;
			sourceTree = "<group>";
		};
		485009F01E2FF23C009B6610 /* ElectrodeContainerTests */ = {
			isa = PBXGroup;
			children = (
				485009F31E2FF23C009B6610 /* Info.plist */,
			);
			path = ElectrodeContainerTests;
			sourceTree = "<group>";
		};
		485009FD1E2FF25D009B6610 /* Libraries */ = {
			isa = PBXGroup;
			children = (
				226325CE1E80594F00CD0B10 /* ReactNative */,
				9654B8921E5CCA1D00AFF607 /* MiniApp */,
			);
			name = Libraries;
			path = ElectrodeContainer/Libraries;
			sourceTree = "<group>";
		};
		48500AA71E2FFA14009B6610 /* Frameworks */ = {
			isa = PBXGroup;
			children = (
				EF799EBB9D684A2FA9C2C75A /* JavaScriptCore.framework */,
			);
			name = Frameworks;
			path = ElectrodeContainer/Frameworks;
			sourceTree = "<group>";
		};
		7F9A82FD1FB117530026F523 /* APIImpls */ = {
			isa = PBXGroup;
			children = (
			);
			name = APIImpls;
			sourceTree = "<group>";
		};
		9654B8921E5CCA1D00AFF607 /* MiniApp */ = {
			isa = PBXGroup;
			children = (
				22BF1FEA1E8DAAF800E7F500 /* assets */,
				223A89451E89CDC70092741E /* MiniApp.jsbundle */,
			);
			path = MiniApp;
			sourceTree = "<group>";
		};
		F35C13D51C77426EAB4981D7 /* Products */ = {
			isa = PBXGroup;
			children = (
				DE61539EB19B46DBBC7032A3 /* libReact.a */,
			);
			name = Products;
			path = undefined;
			sourceTree = "<group>";
		};
		7B5F970D4A7C497EADCEDADE /* Products */ = {
			isa = PBXGroup;
			children = (
				2D455E1D95264B938F4A3D2B /* libRCTActionSheet.a */,
			);
			name = Products;
			path = undefined;
			sourceTree = "<group>";
		};
		F8197895E91E4DB4ADB622FD /* Products */ = {
			isa = PBXGroup;
			children = (
				6F589E2990C643E1B3CB311A /* libRCTImage.a */,
			);
			name = Products;
			path = undefined;
			sourceTree = "<group>";
		};
		B75CDE7D39AD4EEEB6DF84CC /* Products */ = {
			isa = PBXGroup;
			children = (
				637CDA1DF10743C480BD28AA /* libRCTAnimation.a */,
			);
			name = Products;
			path = undefined;
			sourceTree = "<group>";
		};
		85411944ABDF4AA08C614EFF /* Products */ = {
			isa = PBXGroup;
			children = (
				AFB60356FD104FC3A65369C5 /* libRCTText.a */,
			);
			name = Products;
			path = undefined;
			sourceTree = "<group>";
		};
		5F5CBE9AF5C14DFCBD578F46 /* Products */ = {
			isa = PBXGroup;
			children = (
				6A1752A6656741FF9FD6A0FF /* libRCTWebSocket.a */,
			);
			name = Products;
			path = undefined;
			sourceTree = "<group>";
		};
		254E66ED78FC4859800D31BD /* Products */ = {
			isa = PBXGroup;
			children = (
				C289824040E8493186396A9A /* libRCTGeolocation.a */,
			);
			name = Products;
			path = undefined;
			sourceTree = "<group>";
		};
		86FC8DC8A0434A0FAAD3075F /* Products */ = {
			isa = PBXGroup;
			children = (
				C5A2530CEF724DE49F01BB94 /* libRCTLinking.a */,
			);
			name = Products;
			path = undefined;
			sourceTree = "<group>";
		};
		0648373C48CB4F52A58CF0FB /* Products */ = {
			isa = PBXGroup;
			children = (
				A4E176CCD05447289B2858F3 /* libRCTNetwork.a */,
			);
			name = Products;
			path = undefined;
			sourceTree = "<group>";
		};
		46E7C2EFA98842E4B88138F5 /* Products */ = {
			isa = PBXGroup;
			children = (
				5576EA4AC46F44BFA53C6A11 /* libRCTSettings.a */,
			);
			name = Products;
			path = undefined;
			sourceTree = "<group>";
		};
		B4F56CBF27ED4D41A5333DB2 /* Products */ = {
			isa = PBXGroup;
			children = (
				E31A17FDE0B04E61A516D6ED /* libRCTVibration.a */,
			);
			name = Products;
			path = undefined;
			sourceTree = "<group>";
		};
		BAB274ED790C47308E0AD909 /* Products */ = {
			isa = PBXGroup;
			children = (
				AB236BBA20EB441DB7A14DEA /* libRCTCameraRoll.a */,
			);
			name = Products;
			path = undefined;
			sourceTree = "<group>";
		};
		1021A13264FA4D1298066E56 /* Products */ = {
			isa = PBXGroup;
			children = (
				7848568EE4F94BC9B65324CF /* libART.a */,
			);
			name = Products;
			path = undefined;
			sourceTree = "<group>";
		};
/* End PBXGroup section */

/* Begin PBXHeadersBuildPhase section */
		485009E01E2FF23B009B6610 /* Headers */ = {
			isa = PBXHeadersBuildPhase;
			buildActionMask = 2147483647;
			files = (
				485009F41E2FF23C009B6610 /* ElectrodeContainer.h in Headers */,
				968333D71E54E3470031C565 /* ElectrodeBridgeDelegate.h in Headers */,
				301CB9031F33F3450048C58B /* NSBundle+frameworkBundle.h in Headers */,
				304000E82098E1F000BF751C /* ElectrodePluginConfig.h in Headers */,
				30F8CDEE1E67946E00413247 /* ElectrodeReactNative_Internal.h in Headers */,
				48500A981E2FF55B009B6610 /* ElectrodeReactNative.h in Headers */,
			);
			runOnlyForDeploymentPostprocessing = 0;
		};
/* End PBXHeadersBuildPhase section */

/* Begin PBXNativeTarget section */
		485009E21E2FF23B009B6610 /* ElectrodeContainer */ = {
			isa = PBXNativeTarget;
			buildConfigurationList = 485009F71E2FF23C009B6610 /* Build configuration list for PBXNativeTarget "ElectrodeContainer" */;
			buildPhases = (
				485009DE1E2FF23B009B6610 /* Sources */,
				485009DF1E2FF23B009B6610 /* Frameworks */,
				485009E01E2FF23B009B6610 /* Headers */,
				485009E11E2FF23B009B6610 /* Resources */,
			);
			buildRules = (
			);
			dependencies = (
				6DE0502E418C4A168D02DB1B /* PBXTargetDependency */,
				D69454854BA24383BE7851EC /* PBXTargetDependency */,
				5D98AB43B443470EB3DFDEEB /* PBXTargetDependency */,
				DFE6E8A2895D4B1DBAD99553 /* PBXTargetDependency */,
				22BE0AD4A801458EBDF7E5A7 /* PBXTargetDependency */,
				FE29CEF8242C4735B6255004 /* PBXTargetDependency */,
				B24C0E2E107148F9AF1267B4 /* PBXTargetDependency */,
				F26B27A34A6A4B31BBB42D0D /* PBXTargetDependency */,
				9D8207038FC74F41B5BCAD33 /* PBXTargetDependency */,
				69380E01AFA14930BC1A00F6 /* PBXTargetDependency */,
				A4FD5D6961EF4495A0E449A3 /* PBXTargetDependency */,
				5F1DB90CD8CE4D2DA8C00725 /* PBXTargetDependency */,
				E24E15C37E4346EAA2F033B7 /* PBXTargetDependency */,
			);
			name = ElectrodeContainer;
			productName = ElectrodeContainer;
			productReference = 485009E31E2FF23B009B6610 /* ElectrodeContainer.framework */;
			productType = "com.apple.product-type.framework";
		};
		485009EB1E2FF23C009B6610 /* ElectrodeContainerTests */ = {
			isa = PBXNativeTarget;
			buildConfigurationList = 485009FA1E2FF23C009B6610 /* Build configuration list for PBXNativeTarget "ElectrodeContainerTests" */;
			buildPhases = (
				485009E81E2FF23C009B6610 /* Sources */,
				485009E91E2FF23C009B6610 /* Frameworks */,
				485009EA1E2FF23C009B6610 /* Resources */,
			);
			buildRules = (
			);
			dependencies = (
				485009EF1E2FF23C009B6610 /* PBXTargetDependency */,
			);
			name = ElectrodeContainerTests;
			productName = ElectrodeContainerTests;
			productReference = 485009EC1E2FF23C009B6610 /* ElectrodeContainerTests.xctest */;
			productType = "com.apple.product-type.bundle.unit-test";
		};
/* End PBXNativeTarget section */

/* Begin PBXProject section */
		485009DA1E2FF23B009B6610 /* Project object */ = {
			isa = PBXProject;
			attributes = {
				LastUpgradeCheck = 920;
				ORGANIZATIONNAME = Walmart;
				TargetAttributes = {
					485009E21E2FF23B009B6610 = {
						CreatedOnToolsVersion = 8.2.1;
						ProvisioningStyle = Automatic;
					};
					485009EB1E2FF23C009B6610 = {
						CreatedOnToolsVersion = 8.2.1;
						DevelopmentTeam = DXZ5VF8836;
						ProvisioningStyle = Automatic;
					};
				};
			};
			buildConfigurationList = 485009DD1E2FF23B009B6610 /* Build configuration list for PBXProject "ElectrodeContainer" */;
			compatibilityVersion = "Xcode 3.2";
			developmentRegion = English;
			hasScannedForEncodings = 0;
			knownRegions = (
				en,
			);
			mainGroup = 485009D91E2FF23B009B6610;
			productRefGroup = 485009E41E2FF23B009B6610 /* Products */;
			projectDirPath = "";
			projectRoot = "";
			targets = (
				485009E21E2FF23B009B6610 /* ElectrodeContainer */,
				485009EB1E2FF23C009B6610 /* ElectrodeContainerTests */,
			);
			projectReferences = (
				{
					ProjectRef = 897FFA7F889B4BA3894F3C7D /* React.xcodeproj */;
					ProductGroup = F35C13D51C77426EAB4981D7 /* Products */;
				},
				{
					ProjectRef = A0EF9696A6874812A418DB93 /* RCTActionSheet.xcodeproj */;
					ProductGroup = 7B5F970D4A7C497EADCEDADE /* Products */;
				},
				{
					ProjectRef = D437A88E03FA458D92A71802 /* RCTImage.xcodeproj */;
					ProductGroup = F8197895E91E4DB4ADB622FD /* Products */;
				},
				{
					ProjectRef = D64B90DEE8044C708E8064ED /* RCTAnimation.xcodeproj */;
					ProductGroup = B75CDE7D39AD4EEEB6DF84CC /* Products */;
				},
				{
					ProjectRef = 8DEB5A4F6B9444DD8E8ED974 /* RCTText.xcodeproj */;
					ProductGroup = 85411944ABDF4AA08C614EFF /* Products */;
				},
				{
					ProjectRef = AA675F082042481AA5917FAC /* RCTWebSocket.xcodeproj */;
					ProductGroup = 5F5CBE9AF5C14DFCBD578F46 /* Products */;
				},
				{
					ProjectRef = B7E31D72AE844CC99C252306 /* RCTGeolocation.xcodeproj */;
					ProductGroup = 254E66ED78FC4859800D31BD /* Products */;
				},
				{
					ProjectRef = 99FFCE3084A94C4DA3D9F0BA /* RCTLinking.xcodeproj */;
					ProductGroup = 86FC8DC8A0434A0FAAD3075F /* Products */;
				},
				{
					ProjectRef = B0841D3B62C04A9EBE03DACB /* RCTNetwork.xcodeproj */;
					ProductGroup = 0648373C48CB4F52A58CF0FB /* Products */;
				},
				{
					ProjectRef = FC0547C8EBB64008B80A4FA2 /* RCTSettings.xcodeproj */;
					ProductGroup = 46E7C2EFA98842E4B88138F5 /* Products */;
				},
				{
					ProjectRef = B0732FF340AE455AAEC4F2D8 /* RCTVibration.xcodeproj */;
					ProductGroup = B4F56CBF27ED4D41A5333DB2 /* Products */;
				},
				{
					ProjectRef = DF083D1A950F47BDA1D3C4B6 /* RCTCameraRoll.xcodeproj */;
					ProductGroup = BAB274ED790C47308E0AD909 /* Products */;
				},
				{
					ProjectRef = 25AC3995572C49F1835B8CE2 /* ART.xcodeproj */;
					ProductGroup = 1021A13264FA4D1298066E56 /* Products */;
				},
			);
		};
/* End PBXProject section */

/* Begin PBXReferenceProxy section */
		DE61539EB19B46DBBC7032A3 /* libReact.a */ = {
			isa = PBXReferenceProxy;
			fileType = archive.ar;
			path = libReact.a;
			remoteRef = 2A6E26F78E154A9FAD33043A /* PBXContainerItemProxy */;
			sourceTree = BUILT_PRODUCTS_DIR;
		};
		2D455E1D95264B938F4A3D2B /* libRCTActionSheet.a */ = {
			isa = PBXReferenceProxy;
			fileType = archive.ar;
			path = libRCTActionSheet.a;
			remoteRef = 2B4BB991CE4441B4AB78B995 /* PBXContainerItemProxy */;
			sourceTree = BUILT_PRODUCTS_DIR;
		};
		6F589E2990C643E1B3CB311A /* libRCTImage.a */ = {
			isa = PBXReferenceProxy;
			fileType = archive.ar;
			path = libRCTImage.a;
			remoteRef = BDF44266EF424FC3B502A695 /* PBXContainerItemProxy */;
			sourceTree = BUILT_PRODUCTS_DIR;
		};
		637CDA1DF10743C480BD28AA /* libRCTAnimation.a */ = {
			isa = PBXReferenceProxy;
			fileType = archive.ar;
			path = libRCTAnimation.a;
			remoteRef = 7A3EDC8D958942F98E3A5B05 /* PBXContainerItemProxy */;
			sourceTree = BUILT_PRODUCTS_DIR;
		};
		AFB60356FD104FC3A65369C5 /* libRCTText.a */ = {
			isa = PBXReferenceProxy;
			fileType = archive.ar;
			path = libRCTText.a;
			remoteRef = 68ACE0C898A449BB816A0DD3 /* PBXContainerItemProxy */;
			sourceTree = BUILT_PRODUCTS_DIR;
		};
		6A1752A6656741FF9FD6A0FF /* libRCTWebSocket.a */ = {
			isa = PBXReferenceProxy;
			fileType = archive.ar;
			path = libRCTWebSocket.a;
			remoteRef = 7AE355B489804DABA40ECA7E /* PBXContainerItemProxy */;
			sourceTree = BUILT_PRODUCTS_DIR;
		};
		C289824040E8493186396A9A /* libRCTGeolocation.a */ = {
			isa = PBXReferenceProxy;
			fileType = archive.ar;
			path = libRCTGeolocation.a;
			remoteRef = 28EE59E3BE7A45B18871AE77 /* PBXContainerItemProxy */;
			sourceTree = BUILT_PRODUCTS_DIR;
		};
		C5A2530CEF724DE49F01BB94 /* libRCTLinking.a */ = {
			isa = PBXReferenceProxy;
			fileType = archive.ar;
			path = libRCTLinking.a;
			remoteRef = 3A20511DB8474B049135C3CB /* PBXContainerItemProxy */;
			sourceTree = BUILT_PRODUCTS_DIR;
		};
		A4E176CCD05447289B2858F3 /* libRCTNetwork.a */ = {
			isa = PBXReferenceProxy;
			fileType = archive.ar;
			path = libRCTNetwork.a;
			remoteRef = 4F22A8539ED044FAB96A716D /* PBXContainerItemProxy */;
			sourceTree = BUILT_PRODUCTS_DIR;
		};
		5576EA4AC46F44BFA53C6A11 /* libRCTSettings.a */ = {
			isa = PBXReferenceProxy;
			fileType = archive.ar;
			path = libRCTSettings.a;
			remoteRef = A028DE93D4A54033BAFE4F05 /* PBXContainerItemProxy */;
			sourceTree = BUILT_PRODUCTS_DIR;
		};
		E31A17FDE0B04E61A516D6ED /* libRCTVibration.a */ = {
			isa = PBXReferenceProxy;
			fileType = archive.ar;
			path = libRCTVibration.a;
			remoteRef = 276CB611F1734A19ACBB1AA2 /* PBXContainerItemProxy */;
			sourceTree = BUILT_PRODUCTS_DIR;
		};
		AB236BBA20EB441DB7A14DEA /* libRCTCameraRoll.a */ = {
			isa = PBXReferenceProxy;
			fileType = archive.ar;
			path = libRCTCameraRoll.a;
			remoteRef = 993AA965FA61454E80EAA08F /* PBXContainerItemProxy */;
			sourceTree = BUILT_PRODUCTS_DIR;
		};
		7848568EE4F94BC9B65324CF /* libART.a */ = {
			isa = PBXReferenceProxy;
			fileType = archive.ar;
			path = libART.a;
			remoteRef = F630B2E6A9C24E66949C0606 /* PBXContainerItemProxy */;
			sourceTree = BUILT_PRODUCTS_DIR;
		};
/* End PBXReferenceProxy section */

/* Begin PBXResourcesBuildPhase section */
		485009E11E2FF23B009B6610 /* Resources */ = {
			isa = PBXResourcesBuildPhase;
			buildActionMask = 2147483647;
			files = (
				22BF1FEB1E8DAAF800E7F500 /* assets in Resources */,
				223A89461E89CDC70092741E /* MiniApp.jsbundle in Resources */,
			);
			runOnlyForDeploymentPostprocessing = 0;
		};
		485009EA1E2FF23C009B6610 /* Resources */ = {
			isa = PBXResourcesBuildPhase;
			buildActionMask = 2147483647;
			files = (
			);
			runOnlyForDeploymentPostprocessing = 0;
		};
/* End PBXResourcesBuildPhase section */

/* Begin PBXSourcesBuildPhase section */
		485009DE1E2FF23B009B6610 /* Sources */ = {
			isa = PBXSourcesBuildPhase;
			buildActionMask = 2147483647;
			files = (
				48500A991E2FF55B009B6610 /* ElectrodeReactNative.m in Sources */,
				301CB9021F33F3450048C58B /* NSBundle+frameworkBundle.m in Sources */,
				968333D81E54E3470031C565 /* ElectrodeBridgeDelegate.m in Sources */,
			);
			runOnlyForDeploymentPostprocessing = 0;
		};
		485009E81E2FF23C009B6610 /* Sources */ = {
			isa = PBXSourcesBuildPhase;
			buildActionMask = 2147483647;
			files = (
			);
			runOnlyForDeploymentPostprocessing = 0;
		};
/* End PBXSourcesBuildPhase section */

/* Begin PBXTargetDependency section */
		485009EF1E2FF23C009B6610 /* PBXTargetDependency */ = {
			isa = PBXTargetDependency;
			target = 485009E21E2FF23B009B6610 /* ElectrodeContainer */;
			targetProxy = 485009EE1E2FF23C009B6610 /* PBXContainerItemProxy */;
		};
		6DE0502E418C4A168D02DB1B /* PBXTargetDependency */ = {
			isa = PBXTargetDependency;
			name = React;
			targetProxy = 9853070B0B4B4D6E9E58CE62 /* PBXContainerItemProxy */;
		};
		D69454854BA24383BE7851EC /* PBXTargetDependency */ = {
			isa = PBXTargetDependency;
			name = RCTActionSheet;
			targetProxy = CB9B8A82A9A243A381F1FB9B /* PBXContainerItemProxy */;
		};
		5D98AB43B443470EB3DFDEEB /* PBXTargetDependency */ = {
			isa = PBXTargetDependency;
			name = RCTImage;
			targetProxy = 0E5E02F21B494B6380DE88F7 /* PBXContainerItemProxy */;
		};
		DFE6E8A2895D4B1DBAD99553 /* PBXTargetDependency */ = {
			isa = PBXTargetDependency;
			name = RCTAnimation;
			targetProxy = B7F38C7E8FEA405E84E17C43 /* PBXContainerItemProxy */;
		};
		22BE0AD4A801458EBDF7E5A7 /* PBXTargetDependency */ = {
			isa = PBXTargetDependency;
			name = RCTText;
			targetProxy = 6E26FB4F6A0244848F5A875C /* PBXContainerItemProxy */;
		};
		FE29CEF8242C4735B6255004 /* PBXTargetDependency */ = {
			isa = PBXTargetDependency;
			name = RCTWebSocket;
			targetProxy = 114BC5B9329B4EDFA0727B64 /* PBXContainerItemProxy */;
		};
		B24C0E2E107148F9AF1267B4 /* PBXTargetDependency */ = {
			isa = PBXTargetDependency;
			name = RCTGeolocation;
			targetProxy = A70CEBC7651443CA9E960C81 /* PBXContainerItemProxy */;
		};
		F26B27A34A6A4B31BBB42D0D /* PBXTargetDependency */ = {
			isa = PBXTargetDependency;
			name = RCTLinking;
			targetProxy = 1F5AF41194E34E5D8358A2D5 /* PBXContainerItemProxy */;
		};
		9D8207038FC74F41B5BCAD33 /* PBXTargetDependency */ = {
			isa = PBXTargetDependency;
			name = RCTNetwork;
			targetProxy = D89FEBCC528E42CBBE7D2209 /* PBXContainerItemProxy */;
		};
		69380E01AFA14930BC1A00F6 /* PBXTargetDependency */ = {
			isa = PBXTargetDependency;
			name = RCTSettings;
			targetProxy = 1C26CB7BC9044CB4B118539F /* PBXContainerItemProxy */;
		};
		A4FD5D6961EF4495A0E449A3 /* PBXTargetDependency */ = {
			isa = PBXTargetDependency;
			name = RCTVibration;
			targetProxy = D2AFE3A3C4624F1AB022E165 /* PBXContainerItemProxy */;
		};
		5F1DB90CD8CE4D2DA8C00725 /* PBXTargetDependency */ = {
			isa = PBXTargetDependency;
			name = RCTCameraRoll;
			targetProxy = 7745D90E9BF14978A42CF100 /* PBXContainerItemProxy */;
		};
		E24E15C37E4346EAA2F033B7 /* PBXTargetDependency */ = {
			isa = PBXTargetDependency;
			name = ART;
			targetProxy = BFD943968A6844039216686E /* PBXContainerItemProxy */;
		};
/* End PBXTargetDependency section */

/* Begin XCBuildConfiguration section */
		303268E41EA8139700A41A8F /* QADeployment */ = {
			isa = XCBuildConfiguration;
			baseConfigurationReference = 22CB683D20C9C46A0031A349 /* Project-QADeployment.xcconfig */;
			buildSettings = {
			};
			name = QADeployment;
		};
		303268E51EA8139700A41A8F /* QADeployment */ = {
			isa = XCBuildConfiguration;
			baseConfigurationReference = 22CB684020C9C46A0031A349 /* ElectrodeContainer-QADeployment.xcconfig */;
			buildSettings = {
			};
			name = QADeployment;
		};
		303268E61EA8139700A41A8F /* QADeployment */ = {
			isa = XCBuildConfiguration;
			baseConfigurationReference = 22CB684620C9C46A0031A349 /* ElectrodeContainerTests-QADeployment.xcconfig */;
			buildSettings = {
			};
			name = QADeployment;
		};
		485009F51E2FF23C009B6610 /* Debug */ = {
			isa = XCBuildConfiguration;
			baseConfigurationReference = 22CB684720C9C46A0031A349 /* Project-Debug.xcconfig */;
			buildSettings = {
			};
			name = Debug;
		};
		485009F61E2FF23C009B6610 /* Release */ = {
			isa = XCBuildConfiguration;
			baseConfigurationReference = 22CB683E20C9C46A0031A349 /* Project-Release.xcconfig */;
			buildSettings = {
			};
			name = Release;
		};
		485009F81E2FF23C009B6610 /* Debug */ = {
			isa = XCBuildConfiguration;
			baseConfigurationReference = 22CB684120C9C46A0031A349 /* ElectrodeContainer-Debug.xcconfig */;
			buildSettings = {
			};
			name = Debug;
		};
		485009F91E2FF23C009B6610 /* Release */ = {
			isa = XCBuildConfiguration;
			baseConfigurationReference = 22CB684220C9C46A0031A349 /* ElectrodeContainer-Release.xcconfig */;
			buildSettings = {
			};
			name = Release;
		};
		485009FB1E2FF23C009B6610 /* Debug */ = {
			isa = XCBuildConfiguration;
			baseConfigurationReference = 22CB684820C9C46B0031A349 /* ElectrodeContainerTests-Debug.xcconfig */;
			buildSettings = {
			};
			name = Debug;
		};
		485009FC1E2FF23C009B6610 /* Release */ = {
			isa = XCBuildConfiguration;
			baseConfigurationReference = 22CB684420C9C46A0031A349 /* ElectrodeContainerTests-Release.xcconfig */;
			buildSettings = {
			};
			name = Release;
		};
/* End XCBuildConfiguration section */

/* Begin XCConfigurationList section */
		485009DD1E2FF23B009B6610 /* Build configuration list for PBXProject "ElectrodeContainer" */ = {
			isa = XCConfigurationList;
			buildConfigurations = (
				485009F51E2FF23C009B6610 /* Debug */,
				303268E41EA8139700A41A8F /* QADeployment */,
				485009F61E2FF23C009B6610 /* Release */,
			);
			defaultConfigurationIsVisible = 0;
			defaultConfigurationName = Release;
		};
		485009F71E2FF23C009B6610 /* Build configuration list for PBXNativeTarget "ElectrodeContainer" */ = {
			isa = XCConfigurationList;
			buildConfigurations = (
				485009F81E2FF23C009B6610 /* Debug */,
				303268E51EA8139700A41A8F /* QADeployment */,
				485009F91E2FF23C009B6610 /* Release */,
			);
			defaultConfigurationIsVisible = 0;
			defaultConfigurationName = Release;
		};
		485009FA1E2FF23C009B6610 /* Build configuration list for PBXNativeTarget "ElectrodeContainerTests" */ = {
			isa = XCConfigurationList;
			buildConfigurations = (
				485009FB1E2FF23C009B6610 /* Debug */,
				303268E61EA8139700A41A8F /* QADeployment */,
				485009FC1E2FF23C009B6610 /* Release */,
			);
			defaultConfigurationIsVisible = 0;
			defaultConfigurationName = Release;
		};
/* End XCConfigurationList section */
	};
	rootObject = 485009DA1E2FF23B009B6610 /* Project object */;
}
